{
  "name": "jassi",
  "version": "1.0.0",
  "lockfileVersion": 1,
  "requires": true,
  "dependencies": {
    "@types/chosen-js": {
      "version": "1.8.1",
      "resolved": "https://registry.npmjs.org/@types/chosen-js/-/chosen-js-1.8.1.tgz",
      "integrity": "sha512-K078GYGgiCdNmp25YlamkwP77L7MRqvH90mTpwL6DnHsen9snpvgzOqrH5kxKaDvxnHBAV1YKFRPLMbaYGoP3Q==",
      "requires": {
        "@types/jquery": "*"
      }
    },
    "@types/jquery": {
      "version": "3.5.5",
      "resolved": "https://registry.npmjs.org/@types/jquery/-/jquery-3.5.5.tgz",
      "integrity": "sha512-6RXU9Xzpc6vxNrS6FPPapN1SxSHgQ336WC6Jj/N8q30OiaBZ00l1GBgeP7usjVZPivSkGUfL1z/WW6TX989M+w==",
      "requires": {
        "@types/sizzle": "*"
      }
    },
    "@types/jquery.fancytree": {
      "version": "0.0.6",
      "resolved": "https://registry.npmjs.org/@types/jquery.fancytree/-/jquery.fancytree-0.0.6.tgz",
      "integrity": "sha512-30NW0vf0pmWVRKxtJpnQyYBnHy55IKF+Xvl/55bIQ1royfERVM6DEBUHfmgc3j5HgWdjFlOTplDEEkxF2cEiIw==",
      "requires": {
        "@types/jquery": "*",
        "@types/jqueryui": "*"
      }
    },
    "@types/jqueryui": {
      "version": "1.12.14",
      "resolved": "https://registry.npmjs.org/@types/jqueryui/-/jqueryui-1.12.14.tgz",
      "integrity": "sha512-fR9PoOI0yauBS0sjGaU3ao0s2pJWjBi0yVYnPdYbllNoimaPUlHMOh0Ubq+hy8OB258hRSlK2hWCJk40kNhrZQ==",
      "requires": {
        "@types/jquery": "*"
      }
    },
    "@types/requirejs": {
      "version": "2.1.32",
      "resolved": "https://registry.npmjs.org/@types/requirejs/-/requirejs-2.1.32.tgz",
      "integrity": "sha512-TM8LeNLJkEKDcx2414tsU+aKX+Pcfx8siRgZJWsb16KT77TT2FxINO48dLLkx8a5fEuJYb+rcfgPcvq6vt96NQ=="
    },
    "@types/sizzle": {
      "version": "2.3.2",
      "resolved": "https://registry.npmjs.org/@types/sizzle/-/sizzle-2.3.2.tgz",
      "integrity": "sha512-7EJYyKTL7tFR8+gDbB6Wwz/arpGa0Mywk1TJbNzKzHtzbwVmY4HR9WqS5VV7dsBUKQmPNr192jHr/VpBluj/hg=="
    },
    "@types/tabulator-tables": {
      "version": "5.1.4",
      "resolved": "https://registry.npmjs.org/@types/tabulator-tables/-/tabulator-tables-5.1.4.tgz",
      "integrity": "sha512-2vUSshDJjRboT+Rh4bzfK5RF/TGMO5UZ0epxYDv859RnvZL7V+RzqTUhpnelQU68KsKFer39S/63wTkacdygrg=="
    },
    "@types/typescript": {
      "version": "2.0.0",
      "resolved": "https://registry.npmjs.org/@types/typescript/-/typescript-2.0.0.tgz",
      "integrity": "sha1-xDNTnJi64oaCswfqp6D9IRW4PCg=",
      "requires": {
        "typescript": "*"
      }
    },
    "typescript": {
      "version": "4.3.5",
      "resolved": "https://registry.npmjs.org/typescript/-/typescript-4.3.5.tgz",
      "integrity": "sha512-DqQgihaQ9cUrskJo9kIyW/+g0Vxsk8cDtZ52a3NGh0YNTfpUSArXSohyUGnvbPazEPLu398C0UxmKSOrPumUzA=="
    }
  }
}
